PODS:
  - AppsOnAir (0.1.5):
    - ReachabilitySwift
  - ReachabilitySwift (5.0.0)

DEPENDENCIES:
  - AppsOnAir (from `../`)

SPEC REPOS:
  trunk:
    - ReachabilitySwift

EXTERNAL SOURCES:
  AppsOnAir:
    :path: "../"

SPEC CHECKSUMS:
  AppsOnAir: 75cc2a913473032e128971f8dfd7c93435ddabd7
  ReachabilitySwift: 985039c6f7b23a1da463388634119492ff86c825

PODFILE CHECKSUM: 6ac3b34c2fce1e38834288073fad2536a9c27a60

COCOAPODS: 1.15.2
